
Microsoft Visual Studio Solution File, Format Version 12.00
# Visual Studio Version 16
VisualStudioVersion = 16.6.30114.105
MinimumVisualStudioVersion = 10.0.40219.1
Project("{FAE04EC0-301F-11D3-BF4B-00C04F79EFBC}") = "OdeToFood", "OdeToFood.csproj", "{15A89E39-D792-4A0C-B6A7-5579D0DF1FDD}"
EndProject
Project("{FAE04EC0-301F-11D3-BF4B-00C04F79EFBC}") = "OdeToFood.Core", "OdeToFood.Core\OdeToFood.Core.csproj", "{A1BDAF5C-8745-40EA-9459-0E4593685DAB}"
EndProject
Project("{FAE04EC0-301F-11D3-BF4B-00C04F79EFBC}") = "OdeToFood.Data", "OdeToFood.Data\OdeToFood.Data.csproj", "{C3E83F04-DADD-4518-B361-F38D7EBFFE83}"
EndProject
Global
	GlobalSection(SolutionConfigurationPlatforms) = preSolution
		Debug|Any CPU = Debug|Any CPU
		Debug|x64 = Debug|x64
		Debug|x86 = Debug|x86
		Release|Any CPU = Release|Any CPU
		Release|x64 = Release|x64
		Release|x86 = Release|x86
	EndGlobalSection
	GlobalSection(SolutionProperties) = preSolution
		HideSolutionNode = FALSE
	EndGlobalSection
	GlobalSection(ProjectConfigurationPlatforms) = postSolution
		{15A89E39-D792-4A0C-B6A7-5579D0DF1FDD}.Debug|Any CPU.ActiveCfg = Debug|Any CPU
		{15A89E39-D792-4A0C-B6A7-5579D0DF1FDD}.Debug|Any CPU.Build.0 = Debug|Any CPU
		{15A89E39-D792-4A0C-B6A7-5579D0DF1FDD}.Debug|x64.ActiveCfg = Debug|Any CPU
		{15A89E39-D792-4A0C-B6A7-5579D0DF1FDD}.Debug|x64.Build.0 = Debug|Any CPU
		{15A89E39-D792-4A0C-B6A7-5579D0DF1FDD}.Debug|x86.ActiveCfg = Debug|Any CPU
		{15A89E39-D792-4A0C-B6A7-5579D0DF1FDD}.Debug|x86.Build.0 = Debug|Any CPU
		{15A89E39-D792-4A0C-B6A7-5579D0DF1FDD}.Release|Any CPU.ActiveCfg = Release|Any CPU
		{15A89E39-D792-4A0C-B6A7-5579D0DF1FDD}.Release|Any CPU.Build.0 = Release|Any CPU
		{15A89E39-D792-4A0C-B6A7-5579D0DF1FDD}.Release|x64.ActiveCfg = Release|Any CPU
		{15A89E39-D792-4A0C-B6A7-5579D0DF1FDD}.Release|x64.Build.0 = Release|Any CPU
		{15A89E39-D792-4A0C-B6A7-5579D0DF1FDD}.Release|x86.ActiveCfg = Release|Any CPU
		{15A89E39-D792-4A0C-B6A7-5579D0DF1FDD}.Release|x86.Build.0 = Release|Any CPU
		{A1BDAF5C-8745-40EA-9459-0E4593685DAB}.Debug|Any CPU.ActiveCfg = Debug|Any CPU
		{A1BDAF5C-8745-40EA-9459-0E4593685DAB}.Debug|Any CPU.Build.0 = Debug|Any CPU
		{A1BDAF5C-8745-40EA-9459-0E4593685DAB}.Debug|x64.ActiveCfg = Debug|Any CPU
		{A1BDAF5C-8745-40EA-9459-0E4593685DAB}.Debug|x64.Build.0 = Debug|Any CPU
		{A1BDAF5C-8745-40EA-9459-0E4593685DAB}.Debug|x86.ActiveCfg = Debug|Any CPU
		{A1BDAF5C-8745-40EA-9459-0E4593685DAB}.Debug|x86.Build.0 = Debug|Any CPU
		{A1BDAF5C-8745-40EA-9459-0E4593685DAB}.Release|Any CPU.ActiveCfg = Release|Any CPU
		{A1BDAF5C-8745-40EA-9459-0E4593685DAB}.Release|Any CPU.Build.0 = Release|Any CPU
		{A1BDAF5C-8745-40EA-9459-0E4593685DAB}.Release|x64.ActiveCfg = Release|Any CPU
		{A1BDAF5C-8745-40EA-9459-0E4593685DAB}.Release|x64.Build.0 = Release|Any CPU
		{A1BDAF5C-8745-40EA-9459-0E4593685DAB}.Release|x86.ActiveCfg = Release|Any CPU
		{A1BDAF5C-8745-40EA-9459-0E4593685DAB}.Release|x86.Build.0 = Release|Any CPU
		{C3E83F04-DADD-4518-B361-F38D7EBFFE83}.Debug|Any CPU.ActiveCfg = Debug|Any CPU
		{C3E83F04-DADD-4518-B361-F38D7EBFFE83}.Debug|Any CPU.Build.0 = Debug|Any CPU
		{C3E83F04-DADD-4518-B361-F38D7EBFFE83}.Debug|x64.ActiveCfg = Debug|Any CPU
		{C3E83F04-DADD-4518-B361-F38D7EBFFE83}.Debug|x64.Build.0 = Debug|Any CPU
		{C3E83F04-DADD-4518-B361-F38D7EBFFE83}.Debug|x86.ActiveCfg = Debug|Any CPU
		{C3E83F04-DADD-4518-B361-F38D7EBFFE83}.Debug|x86.Build.0 = Debug|Any CPU
		{C3E83F04-DADD-4518-B361-F38D7EBFFE83}.Release|Any CPU.ActiveCfg = Release|Any CPU
		{C3E83F04-DADD-4518-B361-F38D7EBFFE83}.Release|Any CPU.Build.0 = Release|Any CPU
		{C3E83F04-DADD-4518-B361-F38D7EBFFE83}.Release|x64.ActiveCfg = Release|Any CPU
		{C3E83F04-DADD-4518-B361-F38D7EBFFE83}.Release|x64.Build.0 = Release|Any CPU
		{C3E83F04-DADD-4518-B361-F38D7EBFFE83}.Release|x86.ActiveCfg = Release|Any CPU
		{C3E83F04-DADD-4518-B361-F38D7EBFFE83}.Release|x86.Build.0 = Release|Any CPU
	EndGlobalSection
EndGlobal
